
Microsoft Visual Studio Solution File, Format Version 12.00
# Visual Studio Version 17
VisualStudioVersion = 17.0.31912.275
MinimumVisualStudioVersion = 10.0.40219.1
Project("{FAE04EC0-301F-11D3-BF4B-00C04F79EFBC}") = "Task2", "Task2\Task2.csproj", "{2BCF1D33-B14B-4950-813A-A50FEAF8E596}"
EndProject
Project("{FAE04EC0-301F-11D3-BF4B-00C04F79EFBC}") = "Task2.BLL", "Task2.BLL\Task2.BLL.csproj", "{8AD07063-5F1E-4FA3-A49E-EA3367608B30}"
EndProject
Global
	GlobalSection(SolutionConfigurationPlatforms) = preSolution
		Debug|Any CPU = Debug|Any CPU
		Release|Any CPU = Release|Any CPU
	EndGlobalSection
	GlobalSection(ProjectConfigurationPlatforms) = postSolution
		{2BCF1D33-B14B-4950-813A-A50FEAF8E596}.Debug|Any CPU.ActiveCfg = Debug|Any CPU
		{2BCF1D33-B14B-4950-813A-A50FEAF8E596}.Debug|Any CPU.Build.0 = Debug|Any CPU
		{2BCF1D33-B14B-4950-813A-A50FEAF8E596}.Release|Any CPU.ActiveCfg = Release|Any CPU
		{2BCF1D33-B14B-4950-813A-A50FEAF8E596}.Release|Any CPU.Build.0 = Release|Any CPU
		{8AD07063-5F1E-4FA3-A49E-EA3367608B30}.Debug|Any CPU.ActiveCfg = Debug|Any CPU
		{8AD07063-5F1E-4FA3-A49E-EA3367608B30}.Debug|Any CPU.Build.0 = Debug|Any CPU
		{8AD07063-5F1E-4FA3-A49E-EA3367608B30}.Release|Any CPU.ActiveCfg = Release|Any CPU
		{8AD07063-5F1E-4FA3-A49E-EA3367608B30}.Release|Any CPU.Build.0 = Release|Any CPU
	EndGlobalSection
	GlobalSection(SolutionProperties) = preSolution
		HideSolutionNode = FALSE
	EndGlobalSection
	GlobalSection(ExtensibilityGlobals) = postSolution
		SolutionGuid = {A6C33E1A-A0A2-44E4-BA84-A72660D5E965}
	EndGlobalSection
EndGlobal
